// !$*UTF8*$!
{
	archiveVersion = 1;
	classes = {
	};
	objectVersion = 46;
	objects = {

/* Begin PBXBuildFile section */
		8129ABB71D009EC900DE19A1 /* MapasViewController.swift in Sources */ = {isa = PBXBuildFile; fileRef = 8129ABB61D009EC900DE19A1 /* MapasViewController.swift */; };
		8129ABB91D00A16E00DE19A1 /* MapKit.framework in Frameworks */ = {isa = PBXBuildFile; fileRef = 8129ABB81D00A16E00DE19A1 /* MapKit.framework */; };
		8129ABBB1D00A36200DE19A1 /* CoreLocation.framework in Frameworks */ = {isa = PBXBuildFile; fileRef = 8129ABBA1D00A36200DE19A1 /* CoreLocation.framework */; };
		8129ABBD1D00B0B700DE19A1 /* LivrariaAnnotation.swift in Sources */ = {isa = PBXBuildFile; fileRef = 8129ABBC1D00B0B700DE19A1 /* LivrariaAnnotation.swift */; };
		814550FC1CFE022900219143 /* AppDelegate.swift in Sources */ = {isa = PBXBuildFile; fileRef = 814550FB1CFE022900219143 /* AppDelegate.swift */; };
		814551011CFE022900219143 /* Main.storyboard in Resources */ = {isa = PBXBuildFile; fileRef = 814550FF1CFE022900219143 /* Main.storyboard */; };
		814551041CFE022900219143 /* Livraria.xcdatamodeld in Sources */ = {isa = PBXBuildFile; fileRef = 814551021CFE022900219143 /* Livraria.xcdatamodeld */; };
		814551061CFE022900219143 /* Assets.xcassets in Resources */ = {isa = PBXBuildFile; fileRef = 814551051CFE022900219143 /* Assets.xcassets */; };
		814551091CFE022900219143 /* LaunchScreen.storyboard in Resources */ = {isa = PBXBuildFile; fileRef = 814551071CFE022900219143 /* LaunchScreen.storyboard */; };
		814551111CFE033300219143 /* ItunesAPI.swift in Sources */ = {isa = PBXBuildFile; fileRef = 814551101CFE033300219143 /* ItunesAPI.swift */; };
		814551151CFE0CAB00219143 /* ListaTableViewController.swift in Sources */ = {isa = PBXBuildFile; fileRef = 814551141CFE0CAB00219143 /* ListaTableViewController.swift */; };
		814551171CFE29C600219143 /* LivroTableViewCell.swift in Sources */ = {isa = PBXBuildFile; fileRef = 814551161CFE29C600219143 /* LivroTableViewCell.swift */; };
		814551191CFE2B7800219143 /* Livro.swift in Sources */ = {isa = PBXBuildFile; fileRef = 814551181CFE2B7800219143 /* Livro.swift */; };
		817A7C6A1CFF4A7C00D03914 /* DetalhesViewController.swift in Sources */ = {isa = PBXBuildFile; fileRef = 817A7C691CFF4A7C00D03914 /* DetalhesViewController.swift */; };
		817A7C6D1CFF61FD00D03914 /* LivroFavorito+CoreDataProperties.swift in Sources */ = {isa = PBXBuildFile; fileRef = 817A7C6B1CFF61FD00D03914 /* LivroFavorito+CoreDataProperties.swift */; };
		817A7C6E1CFF61FD00D03914 /* LivroFavorito.swift in Sources */ = {isa = PBXBuildFile; fileRef = 817A7C6C1CFF61FD00D03914 /* LivroFavorito.swift */; };
		817A7C721CFF628700D03914 /* LivroFavoritoDAO.swift in Sources */ = {isa = PBXBuildFile; fileRef = 817A7C711CFF628700D03914 /* LivroFavoritoDAO.swift */; };
		817A7C741CFF6F1E00D03914 /* FavoritosViewController.swift in Sources */ = {isa = PBXBuildFile; fileRef = 817A7C731CFF6F1E00D03914 /* FavoritosViewController.swift */; };
		819F708C1CFF8DF4003C8C9F /* AddFavorito.swift in Sources */ = {isa = PBXBuildFile; fileRef = 819F708B1CFF8DF4003C8C9F /* AddFavorito.swift */; };
/* End PBXBuildFile section */

/* Begin PBXFileReference section */
		8129ABB61D009EC900DE19A1 /* MapasViewController.swift */ = {isa = PBXFileReference; fileEncoding = 4; lastKnownFileType = sourcecode.swift; path = MapasViewController.swift; sourceTree = "<group>"; };
		8129ABB81D00A16E00DE19A1 /* MapKit.framework */ = {isa = PBXFileReference; lastKnownFileType = wrapper.framework; name = MapKit.framework; path = System/Library/Frameworks/MapKit.framework; sourceTree = SDKROOT; };
		8129ABBA1D00A36200DE19A1 /* CoreLocation.framework */ = {isa = PBXFileReference; lastKnownFileType = wrapper.framework; name = CoreLocation.framework; path = System/Library/Frameworks/CoreLocation.framework; sourceTree = SDKROOT; };
		8129ABBC1D00B0B700DE19A1 /* LivrariaAnnotation.swift */ = {isa = PBXFileReference; fileEncoding = 4; lastKnownFileType = sourcecode.swift; path = LivrariaAnnotation.swift; sourceTree = "<group>"; };
		814550F81CFE022900219143 /* Livraria.app */ = {isa = PBXFileReference; explicitFileType = wrapper.application; includeInIndex = 0; path = Livraria.app; sourceTree = BUILT_PRODUCTS_DIR; };
		814550FB1CFE022900219143 /* AppDelegate.swift */ = {isa = PBXFileReference; lastKnownFileType = sourcecode.swift; path = AppDelegate.swift; sourceTree = "<group>"; };
		814551001CFE022900219143 /* Base */ = {isa = PBXFileReference; lastKnownFileType = file.storyboard; name = Base; path = Base.lproj/Main.storyboard; sourceTree = "<group>"; };
		814551031CFE022900219143 /* Livraria.xcdatamodel */ = {isa = PBXFileReference; lastKnownFileType = wrapper.xcdatamodel; path = Livraria.xcdatamodel; sourceTree = "<group>"; };
		814551051CFE022900219143 /* Assets.xcassets */ = {isa = PBXFileReference; lastKnownFileType = folder.assetcatalog; path = Assets.xcassets; sourceTree = "<group>"; };
		814551081CFE022900219143 /* Base */ = {isa = PBXFileReference; lastKnownFileType = file.storyboard; name = Base; path = Base.lproj/LaunchScreen.storyboard; sourceTree = "<group>"; };
		8145510A1CFE022900219143 /* Info.plist */ = {isa = PBXFileReference; lastKnownFileType = text.plist.xml; path = Info.plist; sourceTree = "<group>"; };
		814551101CFE033300219143 /* ItunesAPI.swift */ = {isa = PBXFileReference; fileEncoding = 4; lastKnownFileType = sourcecode.swift; path = ItunesAPI.swift; sourceTree = "<group>"; };
		814551141CFE0CAB00219143 /* ListaTableViewController.swift */ = {isa = PBXFileReference; fileEncoding = 4; lastKnownFileType = sourcecode.swift; path = ListaTableViewController.swift; sourceTree = "<group>"; };
		814551161CFE29C600219143 /* LivroTableViewCell.swift */ = {isa = PBXFileReference; fileEncoding = 4; lastKnownFileType = sourcecode.swift; path = LivroTableViewCell.swift; sourceTree = "<group>"; };
		814551181CFE2B7800219143 /* Livro.swift */ = {isa = PBXFileReference; fileEncoding = 4; lastKnownFileType = sourcecode.swift; path = Livro.swift; sourceTree = "<group>"; };
		817A7C691CFF4A7C00D03914 /* DetalhesViewController.swift */ = {isa = PBXFileReference; fileEncoding = 4; lastKnownFileType = sourcecode.swift; path = DetalhesViewController.swift; sourceTree = "<group>"; };
		817A7C6B1CFF61FD00D03914 /* LivroFavorito+CoreDataProperties.swift */ = {isa = PBXFileReference; fileEncoding = 4; lastKnownFileType = sourcecode.swift; path = "LivroFavorito+CoreDataProperties.swift"; sourceTree = "<group>"; };
		817A7C6C1CFF61FD00D03914 /* LivroFavorito.swift */ = {isa = PBXFileReference; fileEncoding = 4; lastKnownFileType = sourcecode.swift; path = LivroFavorito.swift; sourceTree = "<group>"; };
		817A7C711CFF628700D03914 /* LivroFavoritoDAO.swift */ = {isa = PBXFileReference; fileEncoding = 4; lastKnownFileType = sourcecode.swift; path = LivroFavoritoDAO.swift; sourceTree = "<group>"; };
		817A7C731CFF6F1E00D03914 /* FavoritosViewController.swift */ = {isa = PBXFileReference; fileEncoding = 4; lastKnownFileType = sourcecode.swift; path = FavoritosViewController.swift; sourceTree = "<group>"; };
		819F708B1CFF8DF4003C8C9F /* AddFavorito.swift */ = {isa = PBXFileReference; fileEncoding = 4; lastKnownFileType = sourcecode.swift; path = AddFavorito.swift; sourceTree = "<group>"; };
/* End PBXFileReference section */

/* Begin PBXFrameworksBuildPhase section */
		814550F51CFE022900219143 /* Frameworks */ = {
			isa = PBXFrameworksBuildPhase;
			buildActionMask = 2147483647;
			files = (
				8129ABBB1D00A36200DE19A1 /* CoreLocation.framework in Frameworks */,
				8129ABB91D00A16E00DE19A1 /* MapKit.framework in Frameworks */,
			);
			runOnlyForDeploymentPostprocessing = 0;
		};
/* End PBXFrameworksBuildPhase section */

/* Begin PBXGroup section */
		814550EF1CFE022900219143 = {
			isa = PBXGroup;
			children = (
				8129ABBA1D00A36200DE19A1 /* CoreLocation.framework */,
				8129ABB81D00A16E00DE19A1 /* MapKit.framework */,
				817A7C6B1CFF61FD00D03914 /* LivroFavorito+CoreDataProperties.swift */,
				817A7C6C1CFF61FD00D03914 /* LivroFavorito.swift */,
				814550FA1CFE022900219143 /* Livraria */,
				814550F91CFE022900219143 /* Products */,
			);
			sourceTree = "<group>";
		};
		814550F91CFE022900219143 /* Products */ = {
			isa = PBXGroup;
			children = (
				814550F81CFE022900219143 /* Livraria.app */,
			);
			name = Products;
			sourceTree = "<group>";
		};
		814550FA1CFE022900219143 /* Livraria */ = {
			isa = PBXGroup;
			children = (
				814550FB1CFE022900219143 /* AppDelegate.swift */,
				814550FF1CFE022900219143 /* Main.storyboard */,
				814551051CFE022900219143 /* Assets.xcassets */,
				814551071CFE022900219143 /* LaunchScreen.storyboard */,
				8145510A1CFE022900219143 /* Info.plist */,
				814551021CFE022900219143 /* Livraria.xcdatamodeld */,
				814551101CFE033300219143 /* ItunesAPI.swift */,
				814551141CFE0CAB00219143 /* ListaTableViewController.swift */,
				814551161CFE29C600219143 /* LivroTableViewCell.swift */,
				814551181CFE2B7800219143 /* Livro.swift */,
				817A7C691CFF4A7C00D03914 /* DetalhesViewController.swift */,
				817A7C711CFF628700D03914 /* LivroFavoritoDAO.swift */,
				817A7C731CFF6F1E00D03914 /* FavoritosViewController.swift */,
				819F708B1CFF8DF4003C8C9F /* AddFavorito.swift */,
				8129ABB61D009EC900DE19A1 /* MapasViewController.swift */,
				8129ABBC1D00B0B700DE19A1 /* LivrariaAnnotation.swift */,
			);
			path = Livraria;
			sourceTree = "<group>";
		};
/* End PBXGroup section */

/* Begin PBXNativeTarget section */
		814550F71CFE022900219143 /* Livraria */ = {
			isa = PBXNativeTarget;
			buildConfigurationList = 8145510D1CFE022900219143 /* Build configuration list for PBXNativeTarget "Livraria" */;
			buildPhases = (
				814550F41CFE022900219143 /* Sources */,
				814550F51CFE022900219143 /* Frameworks */,
				814550F61CFE022900219143 /* Resources */,
			);
			buildRules = (
			);
			dependencies = (
			);
			name = Livraria;
			productName = Livraria;
			productReference = 814550F81CFE022900219143 /* Livraria.app */;
			productType = "com.apple.product-type.application";
		};
/* End PBXNativeTarget section */

/* Begin PBXProject section */
		814550F01CFE022900219143 /* Project object */ = {
			isa = PBXProject;
			attributes = {
				LastSwiftUpdateCheck = 0720;
				LastUpgradeCheck = 0720;
				ORGANIZATIONNAME = "Fernando Gomes";
				TargetAttributes = {
					814550F71CFE022900219143 = {
						CreatedOnToolsVersion = 7.2.1;
					};
				};
			};
			buildConfigurationList = 814550F31CFE022900219143 /* Build configuration list for PBXProject "Livraria" */;
			compatibilityVersion = "Xcode 3.2";
			developmentRegion = English;
			hasScannedForEncodings = 0;
			knownRegions = (
				en,
				Base,
			);
			mainGroup = 814550EF1CFE022900219143;
			productRefGroup = 814550F91CFE022900219143 /* Products */;
			projectDirPath = "";
			projectRoot = "";
			targets = (
				814550F71CFE022900219143 /* Livraria */,
			);
		};
/* End PBXProject section */

/* Begin PBXResourcesBuildPhase section */
		814550F61CFE022900219143 /* Resources */ = {
			isa = PBXResourcesBuildPhase;
			buildActionMask = 2147483647;
			files = (
				814551091CFE022900219143 /* LaunchScreen.storyboard in Resources */,
				814551061CFE022900219143 /* Assets.xcassets in Resources */,
				814551011CFE022900219143 /* Main.storyboard in Resources */,
			);
			runOnlyForDeploymentPostprocessing = 0;
		};
/* End PBXResourcesBuildPhase section */

/* Begin PBXSourcesBuildPhase section */
		814550F41CFE022900219143 /* Sources */ = {
			isa = PBXSourcesBuildPhase;
			buildActionMask = 2147483647;
			files = (
				817A7C6A1CFF4A7C00D03914 /* DetalhesViewController.swift in Sources */,
				817A7C721CFF628700D03914 /* LivroFavoritoDAO.swift in Sources */,
				814551191CFE2B7800219143 /* Livro.swift in Sources */,
				819F708C1CFF8DF4003C8C9F /* AddFavorito.swift in Sources */,
				817A7C6D1CFF61FD00D03914 /* LivroFavorito+CoreDataProperties.swift in Sources */,
				814551111CFE033300219143 /* ItunesAPI.swift in Sources */,
				817A7C741CFF6F1E00D03914 /* FavoritosViewController.swift in Sources */,
				814551171CFE29C600219143 /* LivroTableViewCell.swift in Sources */,
				8129ABBD1D00B0B700DE19A1 /* LivrariaAnnotation.swift in Sources */,
				814551041CFE022900219143 /* Livraria.xcdatamodeld in Sources */,
				817A7C6E1CFF61FD00D03914 /* LivroFavorito.swift in Sources */,
				8129ABB71D009EC900DE19A1 /* MapasViewController.swift in Sources */,
				814550FC1CFE022900219143 /* AppDelegate.swift in Sources */,
				814551151CFE0CAB00219143 /* ListaTableViewController.swift in Sources */,
			);
			runOnlyForDeploymentPostprocessing = 0;
		};
/* End PBXSourcesBuildPhase section */

/* Begin PBXVariantGroup section */
		814550FF1CFE022900219143 /* Main.storyboard */ = {
			isa = PBXVariantGroup;
			children = (
				814551001CFE022900219143 /* Base */,
			);
			name = Main.storyboard;
			sourceTree = "<group>";
		};
		814551071CFE022900219143 /* LaunchScreen.storyboard */ = {
			isa = PBXVariantGroup;
			children = (
				814551081CFE022900219143 /* Base */,
			);
			name = LaunchScreen.storyboard;
			sourceTree = "<group>";
		};
/* End PBXVariantGroup section */

/* Begin XCBuildConfiguration section */
		8145510B1CFE022900219143 /* Debug */ = {
			isa = XCBuildConfiguration;
			buildSettings = {
				ALWAYS_SEARCH_USER_PATHS = NO;
				CLANG_CXX_LANGUAGE_STANDARD = "gnu++0x";
				CLANG_CXX_LIBRARY = "libc++";
				CLANG_ENABLE_MODULES = YES;
				CLANG_ENABLE_OBJC_ARC = YES;
				CLANG_WARN_BOOL_CONVERSION = YES;
				CLANG_WARN_CONSTANT_CONVERSION = YES;
				CLANG_WARN_DIRECT_OBJC_ISA_USAGE = YES_ERROR;
				CLANG_WARN_EMPTY_BODY = YES;
				CLANG_WARN_ENUM_CONVERSION = YES;
				CLANG_WARN_INT_CONVERSION = YES;
				CLANG_WARN_OBJC_ROOT_CLASS = YES_ERROR;
				CLANG_WARN_UNREACHABLE_CODE = YES;
				CLANG_WARN__DUPLICATE_METHOD_MATCH = YES;
				"CODE_SIGN_IDENTITY[sdk=iphoneos*]" = "iPhone Developer";
				COPY_PHASE_STRIP = NO;
				DEBUG_INFORMATION_FORMAT = dwarf;
				ENABLE_STRICT_OBJC_MSGSEND = YES;
				ENABLE_TESTABILITY = YES;
				GCC_C_LANGUAGE_STANDARD = gnu99;
				GCC_DYNAMIC_NO_PIC = NO;
				GCC_NO_COMMON_BLOCKS = YES;
				GCC_OPTIMIZATION_LEVEL = 0;
				GCC_PREPROCESSOR_DEFINITIONS = (
					"DEBUG=1",
					"$(inherited)",
				);
				GCC_WARN_64_TO_32_BIT_CONVERSION = YES;
				GCC_WARN_ABOUT_RETURN_TYPE = YES_ERROR;
				GCC_WARN_UNDECLARED_SELECTOR = YES;
				GCC_WARN_UNINITIALIZED_AUTOS = YES_AGGRESSIVE;
				GCC_WARN_UNUSED_FUNCTION = YES;
				GCC_WARN_UNUSED_VARIABLE = YES;
				IPHONEOS_DEPLOYMENT_TARGET = 9.2;
				MTL_ENABLE_DEBUG_INFO = YES;
				ONLY_ACTIVE_ARCH = YES;
				SDKROOT = iphoneos;
				SWIFT_OPTIMIZATION_LEVEL = "-Onone";
			};
			name = Debug;
		};
		8145510C1CFE022900219143 /* Release */ = {
			isa = XCBuildConfiguration;
			buildSettings = {
				ALWAYS_SEARCH_USER_PATHS = NO;
				CLANG_CXX_LANGUAGE_STANDARD = "gnu++0x";
				CLANG_CXX_LIBRARY = "libc++";
				CLANG_ENABLE_MODULES = YES;
				CLANG_ENABLE_OBJC_ARC = YES;
				CLANG_WARN_BOOL_CONVERSION = YES;
				CLANG_WARN_CONSTANT_CONVERSION = YES;
				CLANG_WARN_DIRECT_OBJC_ISA_USAGE = YES_ERROR;
				CLANG_WARN_EMPTY_BODY = YES;
				CLANG_WARN_ENUM_CONVERSION = YES;
				CLANG_WARN_INT_CONVERSION = YES;
				CLANG_WARN_OBJC_ROOT_CLASS = YES_ERROR;
				CLANG_WARN_UNREACHABLE_CODE = YES;
				CLANG_WARN__DUPLICATE_METHOD_MATCH = YES;
				"CODE_SIGN_IDENTITY[sdk=iphoneos*]" = "iPhone Developer";
				COPY_PHASE_STRIP = NO;
				DEBUG_INFORMATION_FORMAT = "dwarf-with-dsym";
				ENABLE_NS_ASSERTIONS = NO;
				ENABLE_STRICT_OBJC_MSGSEND = YES;
				GCC_C_LANGUAGE_STANDARD = gnu99;
				GCC_NO_COMMON_BLOCKS = YES;
				GCC_WARN_64_TO_32_BIT_CONVERSION = YES;
				GCC_WARN_ABOUT_RETURN_TYPE = YES_ERROR;
				GCC_WARN_UNDECLARED_SELECTOR = YES;
				GCC_WARN_UNINITIALIZED_AUTOS = YES_AGGRESSIVE;
				GCC_WARN_UNUSED_FUNCTION = YES;
				GCC_WARN_UNUSED_VARIABLE = YES;
				IPHONEOS_DEPLOYMENT_TARGET = 9.2;
				MTL_ENABLE_DEBUG_INFO = NO;
				SDKROOT = iphoneos;
				VALIDATE_PRODUCT = YES;
			};
			name = Release;
		};
		8145510E1CFE022900219143 /* Debug */ = {
			isa = XCBuildConfiguration;
			buildSettings = {
				ASSETCATALOG_COMPILER_APPICON_NAME = AppIcon;
				INFOPLIST_FILE = Livraria/Info.plist;
				LD_RUNPATH_SEARCH_PATHS = "$(inherited) @executable_path/Frameworks";
				PRODUCT_BUNDLE_IDENTIFIER = br.com.gomes.fernando.Livraria;
				PRODUCT_NAME = "$(TARGET_NAME)";
			};
			name = Debug;
		};
		8145510F1CFE022900219143 /* Release */ = {
			isa = XCBuildConfiguration;
			buildSettings = {
				ASSETCATALOG_COMPILER_APPICON_NAME = AppIcon;
				INFOPLIST_FILE = Livraria/Info.plist;
				LD_RUNPATH_SEARCH_PATHS = "$(inherited) @executable_path/Frameworks";
				PRODUCT_BUNDLE_IDENTIFIER = br.com.gomes.fernando.Livraria;
				PRODUCT_NAME = "$(TARGET_NAME)";
			};
			name = Release;
		};
/* End XCBuildConfiguration section */

/* Begin XCConfigurationList section */
		814550F31CFE022900219143 /* Build configuration list for PBXProject "Livraria" */ = {
			isa = XCConfigurationList;
			buildConfigurations = (
				8145510B1CFE022900219143 /* Debug */,
				8145510C1CFE022900219143 /* Release */,
			);
			defaultConfigurationIsVisible = 0;
			defaultConfigurationName = Release;
		};
		8145510D1CFE022900219143 /* Build configuration list for PBXNativeTarget "Livraria" */ = {
			isa = XCConfigurationList;
			buildConfigurations = (
				8145510E1CFE022900219143 /* Debug */,
				8145510F1CFE022900219143 /* Release */,
			);
			defaultConfigurationIsVisible = 0;
			defaultConfigurationName = Release;
		};
/* End XCConfigurationList section */

/* Begin XCVersionGroup section */
		814551021CFE022900219143 /* Livraria.xcdatamodeld */ = {
			isa = XCVersionGroup;
			children = (
				814551031CFE022900219143 /* Livraria.xcdatamodel */,
			);
			currentVersion = 814551031CFE022900219143 /* Livraria.xcdatamodel */;
			path = Livraria.xcdatamodeld;
			sourceTree = "<group>";
			versionGroupType = wrapper.xcdatamodel;
		};
/* End XCVersionGroup section */
	};
	rootObject = 814550F01CFE022900219143 /* Project object */;
}
